
Microsoft Visual Studio Solution File, Format Version 12.00
# Visual Studio Version 16
VisualStudioVersion = 16.0.31105.61
MinimumVisualStudioVersion = 10.0.40219.1
Project("{9A19103F-16F7-4668-BE54-9A1E7A4F7556}") = "GenericsAndCollections_LINQ", "GenericsAndCollections\GenericsAndCollections_LINQ.csproj", "{5CE214AA-E989-4DEA-9090-CE67281EA7D3}"
EndProject
Global
	GlobalSection(SolutionConfigurationPlatforms) = preSolution
		Debug|Any CPU = Debug|Any CPU
		Release|Any CPU = Release|Any CPU
	EndGlobalSection
	GlobalSection(ProjectConfigurationPlatforms) = postSolution
		{5CE214AA-E989-4DEA-9090-CE67281EA7D3}.Debug|Any CPU.ActiveCfg = Debug|Any CPU
		{5CE214AA-E989-4DEA-9090-CE67281EA7D3}.Debug|Any CPU.Build.0 = Debug|Any CPU
		{5CE214AA-E989-4DEA-9090-CE67281EA7D3}.Release|Any CPU.ActiveCfg = Release|Any CPU
		{5CE214AA-E989-4DEA-9090-CE67281EA7D3}.Release|Any CPU.Build.0 = Release|Any CPU
	EndGlobalSection
	GlobalSection(SolutionProperties) = preSolution
		HideSolutionNode = FALSE
	EndGlobalSection
	GlobalSection(ExtensibilityGlobals) = postSolution
		SolutionGuid = {2A5C914B-430C-4B19-9390-936FF828CA84}
	EndGlobalSection
EndGlobal
