
Microsoft Visual Studio Solution File, Format Version 12.00
# Visual Studio Version 16
VisualStudioVersion = 16.0.31105.61
MinimumVisualStudioVersion = 10.0.40219.1
Project("{9A19103F-16F7-4668-BE54-9A1E7A4F7556}") = "Domain", "Domain\Domain.csproj", "{55334EE4-320F-4F5D-A829-2B24EDBCCBD0}"
EndProject
Project("{9A19103F-16F7-4668-BE54-9A1E7A4F7556}") = "Application", "Application\Application.csproj", "{A0D2547D-9968-4F67-B1D2-DD200FE53F9F}"
EndProject
Project("{FAE04EC0-301F-11D3-BF4B-00C04F79EFBC}") = "Infrastructure", "Infrastructure\Infrastructure.csproj", "{5E9F4C73-1BAA-40E5-9DE1-9971EDE41851}"
EndProject
Project("{FAE04EC0-301F-11D3-BF4B-00C04F79EFBC}") = "Presentation", "Presentation\Presentation.csproj", "{61B49ED1-E9B8-48B2-B743-22D379861DEA}"
EndProject
Global
	GlobalSection(SolutionConfigurationPlatforms) = preSolution
		Debug|Any CPU = Debug|Any CPU
		Release|Any CPU = Release|Any CPU
	EndGlobalSection
	GlobalSection(ProjectConfigurationPlatforms) = postSolution
		{55334EE4-320F-4F5D-A829-2B24EDBCCBD0}.Debug|Any CPU.ActiveCfg = Debug|Any CPU
		{55334EE4-320F-4F5D-A829-2B24EDBCCBD0}.Debug|Any CPU.Build.0 = Debug|Any CPU
		{55334EE4-320F-4F5D-A829-2B24EDBCCBD0}.Release|Any CPU.ActiveCfg = Release|Any CPU
		{55334EE4-320F-4F5D-A829-2B24EDBCCBD0}.Release|Any CPU.Build.0 = Release|Any CPU
		{A0D2547D-9968-4F67-B1D2-DD200FE53F9F}.Debug|Any CPU.ActiveCfg = Debug|Any CPU
		{A0D2547D-9968-4F67-B1D2-DD200FE53F9F}.Debug|Any CPU.Build.0 = Debug|Any CPU
		{A0D2547D-9968-4F67-B1D2-DD200FE53F9F}.Release|Any CPU.ActiveCfg = Release|Any CPU
		{A0D2547D-9968-4F67-B1D2-DD200FE53F9F}.Release|Any CPU.Build.0 = Release|Any CPU
		{5E9F4C73-1BAA-40E5-9DE1-9971EDE41851}.Debug|Any CPU.ActiveCfg = Debug|Any CPU
		{5E9F4C73-1BAA-40E5-9DE1-9971EDE41851}.Debug|Any CPU.Build.0 = Debug|Any CPU
		{5E9F4C73-1BAA-40E5-9DE1-9971EDE41851}.Release|Any CPU.ActiveCfg = Release|Any CPU
		{5E9F4C73-1BAA-40E5-9DE1-9971EDE41851}.Release|Any CPU.Build.0 = Release|Any CPU
		{61B49ED1-E9B8-48B2-B743-22D379861DEA}.Debug|Any CPU.ActiveCfg = Debug|Any CPU
		{61B49ED1-E9B8-48B2-B743-22D379861DEA}.Debug|Any CPU.Build.0 = Debug|Any CPU
		{61B49ED1-E9B8-48B2-B743-22D379861DEA}.Release|Any CPU.ActiveCfg = Release|Any CPU
		{61B49ED1-E9B8-48B2-B743-22D379861DEA}.Release|Any CPU.Build.0 = Release|Any CPU
	EndGlobalSection
	GlobalSection(SolutionProperties) = preSolution
		HideSolutionNode = FALSE
	EndGlobalSection
	GlobalSection(ExtensibilityGlobals) = postSolution
		SolutionGuid = {73DFB0EF-BC59-48DA-BB21-0E7B6874E4A3}
	EndGlobalSection
EndGlobal
